{
  "name": "qualityspeed-app",
  "version": "0.1.0",
  "lockfileVersion": 1,
  "requires": true,
  "dependencies": {
    "@types/jquery": {
      "version": "3.3.36",
      "resolved": "https://registry.npmjs.org/@types/jquery/-/jquery-3.3.36.tgz",
      "integrity": "sha512-jHL8J5y5fJ0+C9zCTkeOvX4zqRnPug3r6JhAqAYl2YyBCYHiXTbZSH0MRCpayZADed5TigPjH92dEKczUFT2TQ==",
      "dev": true,
      "requires": {
        "@types/sizzle": "2.3.2"
      }
    },
    "@types/sizzle": {
      "version": "2.3.2",
      "resolved": "https://registry.npmjs.org/@types/sizzle/-/sizzle-2.3.2.tgz",
      "integrity": "sha512-7EJYyKTL7tFR8+gDbB6Wwz/arpGa0Mywk1TJbNzKzHtzbwVmY4HR9WqS5VV7dsBUKQmPNr192jHr/VpBluj/hg==",
      "dev": true
    },
    "@types/toastr": {
      "version": "2.1.37",
      "resolved": "https://registry.npmjs.org/@types/toastr/-/toastr-2.1.37.tgz",
      "integrity": "sha512-5AyHtIyZcdJjX5QyoHOXS0qzjUO5kFfkTiakKx3ua+KpflwXTUpD9BI0OoS1Hq6rnzgqAlcfiyD/nsSoui1Zlw==",
      "dev": true,
      "requires": {
        "@types/jquery": "3.3.36"
      }
    }
  }
}
